// !$*UTF8*$!
{
	archiveVersion = 1;
	classes = {
	};
	objectVersion = 52;
	objects = {

/* Begin PBXBuildFile section */
		270A176F25A60973006AE36A /* CircleFamilyView.swift in Sources */ = {isa = PBXBuildFile; fileRef = 270A176E25A60973006AE36A /* CircleFamilyView.swift */; };
		270A177125A609ED006AE36A /* CircleFriendsView.swift in Sources */ = {isa = PBXBuildFile; fileRef = 270A177025A609ED006AE36A /* CircleFriendsView.swift */; };
		270A177325A60A1A006AE36A /* CircleProView.swift in Sources */ = {isa = PBXBuildFile; fileRef = 270A177225A60A1A006AE36A /* CircleProView.swift */; };
		270B240625D7F08E000B9DCA /* MapViewModel.swift in Sources */ = {isa = PBXBuildFile; fileRef = 270B240525D7F08E000B9DCA /* MapViewModel.swift */; };
		270B240825D82B98000B9DCA /* LocationView.swift in Sources */ = {isa = PBXBuildFile; fileRef = 270B240725D82B98000B9DCA /* LocationView.swift */; };
		271255BB257E32930075040C /* ApiCalls.swift in Sources */ = {isa = PBXBuildFile; fileRef = 271255BA257E32930075040C /* ApiCalls.swift */; };
		2718CFC82577A4DC008F8D3A /* GoogleLogin.swift in Sources */ = {isa = PBXBuildFile; fileRef = 2718CFC72577A4DC008F8D3A /* GoogleLogin.swift */; };
		2718CFD52577AF54008F8D3A /* GoogleService-Info.plist in Resources */ = {isa = PBXBuildFile; fileRef = 2718CFD42577AF54008F8D3A /* GoogleService-Info.plist */; };
		2718CFE42577C54D008F8D3A /* Pods_CircleProject.framework in Frameworks */ = {isa = PBXBuildFile; fileRef = F704F6F07DD0F03E6DE2404C /* Pods_CircleProject.framework */; };
		2718CFE52577C54D008F8D3A /* Pods_CircleProject.framework in Embed Frameworks */ = {isa = PBXBuildFile; fileRef = F704F6F07DD0F03E6DE2404C /* Pods_CircleProject.framework */; settings = {ATTRIBUTES = (CodeSignOnCopy, RemoveHeadersOnCopy, ); }; };
		2726CED5255874CA003564C4 /* CircleProjectApp.swift in Sources */ = {isa = PBXBuildFile; fileRef = 2726CED4255874CA003564C4 /* CircleProjectApp.swift */; };
		2726CED7255874CA003564C4 /* ContentView.swift in Sources */ = {isa = PBXBuildFile; fileRef = 2726CED6255874CA003564C4 /* ContentView.swift */; };
		2726CED9255874CE003564C4 /* Assets.xcassets in Resources */ = {isa = PBXBuildFile; fileRef = 2726CED8255874CE003564C4 /* Assets.xcassets */; };
		2726CEDC255874CE003564C4 /* Preview Assets.xcassets in Resources */ = {isa = PBXBuildFile; fileRef = 2726CEDB255874CE003564C4 /* Preview Assets.xcassets */; };
		2726CEE525587543003564C4 /* HomeView.swift in Sources */ = {isa = PBXBuildFile; fileRef = 2726CEE425587543003564C4 /* HomeView.swift */; };
		2726CEE82558755D003564C4 /* SearchView.swift in Sources */ = {isa = PBXBuildFile; fileRef = 2726CEE72558755D003564C4 /* SearchView.swift */; };
		2726CEEC255875B4003564C4 /* CreateDealView.swift in Sources */ = {isa = PBXBuildFile; fileRef = 2726CEEB255875B4003564C4 /* CreateDealView.swift */; };
		2726CEF025587628003564C4 /* MessagesView.swift in Sources */ = {isa = PBXBuildFile; fileRef = 2726CEEF25587628003564C4 /* MessagesView.swift */; };
		2726CEF32558766B003564C4 /* CircleView.swift in Sources */ = {isa = PBXBuildFile; fileRef = 2726CEF22558766B003564C4 /* CircleView.swift */; };
		2726CEF925587E52003564C4 /* DataStore.swift in Sources */ = {isa = PBXBuildFile; fileRef = 2726CEF825587E52003564C4 /* DataStore.swift */; };
		2726CEFD25588005003564C4 /* CardItemView.swift in Sources */ = {isa = PBXBuildFile; fileRef = 2726CEFC25588005003564C4 /* CardItemView.swift */; };
		2747E93325653EC800FD1537 /* MenuView.swift in Sources */ = {isa = PBXBuildFile; fileRef = 2747E93225653EC800FD1537 /* MenuView.swift */; };
		274BAEEB25EFA4CE00EF0A81 /* UserPositionView.swift in Sources */ = {isa = PBXBuildFile; fileRef = 274BAEEA25EFA4CE00EF0A81 /* UserPositionView.swift */; };
		2762A5DB25C0510F00A5C095 /* SellStep2.swift in Sources */ = {isa = PBXBuildFile; fileRef = 2762A5DA25C0510F00A5C095 /* SellStep2.swift */; };
		2762A5DD25C0660A00A5C095 /* SellStep1.swift in Sources */ = {isa = PBXBuildFile; fileRef = 2762A5DC25C0660A00A5C095 /* SellStep1.swift */; };
		2762A5E725C2C4E300A5C095 /* SellCategoriesView.swift in Sources */ = {isa = PBXBuildFile; fileRef = 2762A5E625C2C4E300A5C095 /* SellCategoriesView.swift */; };
		2762A5E925C2CD9100A5C095 /* SellSubCategoryView.swift in Sources */ = {isa = PBXBuildFile; fileRef = 2762A5E825C2CD9100A5C095 /* SellSubCategoryView.swift */; };
		276BE7AE2559B1400000889A /* FirstScreenView.swift in Sources */ = {isa = PBXBuildFile; fileRef = 276BE7AD2559B1400000889A /* FirstScreenView.swift */; };
		276BE7B12559B87F0000889A /* RegisterView.swift in Sources */ = {isa = PBXBuildFile; fileRef = 276BE7B02559B87F0000889A /* RegisterView.swift */; };
		278289642575561000762B25 /* FacebookLogin in Frameworks */ = {isa = PBXBuildFile; productRef = 278289632575561000762B25 /* FacebookLogin */; };
		278289662575568200762B25 /* FbLogin.swift in Sources */ = {isa = PBXBuildFile; fileRef = 278289652575568200762B25 /* FbLogin.swift */; };
		278FCF2325A3626900604006 /* TutoCircles.swift in Sources */ = {isa = PBXBuildFile; fileRef = 278FCF2225A3626900604006 /* TutoCircles.swift */; };
		27915B8F25C566AC00CD4BE5 /* CameraAndGallery.swift in Sources */ = {isa = PBXBuildFile; fileRef = 27915B8E25C566AC00CD4BE5 /* CameraAndGallery.swift */; };
		279F5862256681D8000577DA /* CategorySelectionView.swift in Sources */ = {isa = PBXBuildFile; fileRef = 279F5861256681D8000577DA /* CategorySelectionView.swift */; };
		27B32AE22591129100DE368B /* InstagramApi.swift in Sources */ = {isa = PBXBuildFile; fileRef = 27B32ADF2591129100DE368B /* InstagramApi.swift */; };
		27B32AE32591129100DE368B /* WebView.swift in Sources */ = {isa = PBXBuildFile; fileRef = 27B32AE02591129100DE368B /* WebView.swift */; };
		27B32AE42591129100DE368B /* InstagramTestUser.swift in Sources */ = {isa = PBXBuildFile; fileRef = 27B32AE12591129100DE368B /* InstagramTestUser.swift */; };
		27B32AE6259112B500DE368B /* InstaUIView.swift in Sources */ = {isa = PBXBuildFile; fileRef = 27B32AE5259112B500DE368B /* InstaUIView.swift */; };
		27B32AED259231C900DE368B /* CircleViewConfig.swift in Sources */ = {isa = PBXBuildFile; fileRef = 27B32AEC259231C900DE368B /* CircleViewConfig.swift */; };
		27B82BF825602CBA001F0760 /* ConnectionView.swift in Sources */ = {isa = PBXBuildFile; fileRef = 27B82BF725602CBA001F0760 /* ConnectionView.swift */; };
		27B82BFB25603C20001F0760 /* TabView.swift in Sources */ = {isa = PBXBuildFile; fileRef = 27B82BFA25603C20001F0760 /* TabView.swift */; };
		27B8E4FD25F50EEB009F113C /* CircleObject.swift in Sources */ = {isa = PBXBuildFile; fileRef = 27B8E4FC25F50EEB009F113C /* CircleObject.swift */; };
		27CF2DDB25C88713003AF038 /* SellStep3.swift in Sources */ = {isa = PBXBuildFile; fileRef = 27CF2DDA25C88713003AF038 /* SellStep3.swift */; };
		27CF2DDD25C965B9003AF038 /* SellStep4.swift in Sources */ = {isa = PBXBuildFile; fileRef = 27CF2DDC25C965B9003AF038 /* SellStep4.swift */; };
		27CF2DDF25C96EC1003AF038 /* MapView.swift in Sources */ = {isa = PBXBuildFile; fileRef = 27CF2DDE25C96EC1003AF038 /* MapView.swift */; };
		27F6E77D256690C500B3B862 /* CategoryItemView.swift in Sources */ = {isa = PBXBuildFile; fileRef = 27F6E77C256690C500B3B862 /* CategoryItemView.swift */; };
		27F85A0F25EEAACB005025B7 /* UserLocationView.swift in Sources */ = {isa = PBXBuildFile; fileRef = 27F85A0E25EEAACB005025B7 /* UserLocationView.swift */; };
		27F85A1125EEABCF005025B7 /* RegionView.swift in Sources */ = {isa = PBXBuildFile; fileRef = 27F85A1025EEABCF005025B7 /* RegionView.swift */; };
		27F85A1325EEAC74005025B7 /* DepartmentView.swift in Sources */ = {isa = PBXBuildFile; fileRef = 27F85A1225EEAC74005025B7 /* DepartmentView.swift */; };
		27F85A1625EEB084005025B7 /* CityView.swift in Sources */ = {isa = PBXBuildFile; fileRef = 27F85A1525EEB084005025B7 /* CityView.swift */; };
/* End PBXBuildFile section */

/* Begin PBXCopyFilesBuildPhase section */
		2718CFE62577C54D008F8D3A /* Embed Frameworks */ = {
			isa = PBXCopyFilesBuildPhase;
			buildActionMask = 2147483647;
			dstPath = "";
			dstSubfolderSpec = 10;
			files = (
				2718CFE52577C54D008F8D3A /* Pods_CircleProject.framework in Embed Frameworks */,
			);
			name = "Embed Frameworks";
			runOnlyForDeploymentPostprocessing = 0;
		};
/* End PBXCopyFilesBuildPhase section */

/* Begin PBXFileReference section */
		270A176E25A60973006AE36A /* CircleFamilyView.swift */ = {isa = PBXFileReference; lastKnownFileType = sourcecode.swift; path = CircleFamilyView.swift; sourceTree = "<group>"; };
		270A177025A609ED006AE36A /* CircleFriendsView.swift */ = {isa = PBXFileReference; lastKnownFileType = sourcecode.swift; path = CircleFriendsView.swift; sourceTree = "<group>"; };
		270A177225A60A1A006AE36A /* CircleProView.swift */ = {isa = PBXFileReference; lastKnownFileType = sourcecode.swift; path = CircleProView.swift; sourceTree = "<group>"; };
		270B240525D7F08E000B9DCA /* MapViewModel.swift */ = {isa = PBXFileReference; lastKnownFileType = sourcecode.swift; path = MapViewModel.swift; sourceTree = "<group>"; };
		270B240725D82B98000B9DCA /* LocationView.swift */ = {isa = PBXFileReference; lastKnownFileType = sourcecode.swift; path = LocationView.swift; sourceTree = "<group>"; };
		271255BA257E32930075040C /* ApiCalls.swift */ = {isa = PBXFileReference; lastKnownFileType = sourcecode.swift; path = ApiCalls.swift; sourceTree = "<group>"; };
		2718CFC72577A4DC008F8D3A /* GoogleLogin.swift */ = {isa = PBXFileReference; lastKnownFileType = sourcecode.swift; path = GoogleLogin.swift; sourceTree = "<group>"; };
		2718CFD42577AF54008F8D3A /* GoogleService-Info.plist */ = {isa = PBXFileReference; fileEncoding = 4; lastKnownFileType = text.plist.xml; path = "GoogleService-Info.plist"; sourceTree = "<group>"; };
		2726CED1255874CA003564C4 /* CircleProject.app */ = {isa = PBXFileReference; explicitFileType = wrapper.application; includeInIndex = 0; path = CircleProject.app; sourceTree = BUILT_PRODUCTS_DIR; };
		2726CED4255874CA003564C4 /* CircleProjectApp.swift */ = {isa = PBXFileReference; lastKnownFileType = sourcecode.swift; path = CircleProjectApp.swift; sourceTree = "<group>"; };
		2726CED6255874CA003564C4 /* ContentView.swift */ = {isa = PBXFileReference; lastKnownFileType = sourcecode.swift; path = ContentView.swift; sourceTree = "<group>"; };
		2726CED8255874CE003564C4 /* Assets.xcassets */ = {isa = PBXFileReference; lastKnownFileType = folder.assetcatalog; path = Assets.xcassets; sourceTree = "<group>"; };
		2726CEDB255874CE003564C4 /* Preview Assets.xcassets */ = {isa = PBXFileReference; lastKnownFileType = folder.assetcatalog; path = "Preview Assets.xcassets"; sourceTree = "<group>"; };
		2726CEDD255874CE003564C4 /* Info.plist */ = {isa = PBXFileReference; lastKnownFileType = text.plist.xml; path = Info.plist; sourceTree = "<group>"; };
		2726CEE425587543003564C4 /* HomeView.swift */ = {isa = PBXFileReference; lastKnownFileType = sourcecode.swift; path = HomeView.swift; sourceTree = "<group>"; };
		2726CEE72558755D003564C4 /* SearchView.swift */ = {isa = PBXFileReference; lastKnownFileType = sourcecode.swift; path = SearchView.swift; sourceTree = "<group>"; };
		2726CEEB255875B4003564C4 /* CreateDealView.swift */ = {isa = PBXFileReference; lastKnownFileType = sourcecode.swift; path = CreateDealView.swift; sourceTree = "<group>"; };
		2726CEEF25587628003564C4 /* MessagesView.swift */ = {isa = PBXFileReference; lastKnownFileType = sourcecode.swift; path = MessagesView.swift; sourceTree = "<group>"; };
		2726CEF22558766B003564C4 /* CircleView.swift */ = {isa = PBXFileReference; lastKnownFileType = sourcecode.swift; path = CircleView.swift; sourceTree = "<group>"; };
		2726CEF825587E52003564C4 /* DataStore.swift */ = {isa = PBXFileReference; lastKnownFileType = sourcecode.swift; path = DataStore.swift; sourceTree = "<group>"; };
		2726CEFC25588005003564C4 /* CardItemView.swift */ = {isa = PBXFileReference; lastKnownFileType = sourcecode.swift; path = CardItemView.swift; sourceTree = "<group>"; };
		2747E93225653EC800FD1537 /* MenuView.swift */ = {isa = PBXFileReference; lastKnownFileType = sourcecode.swift; path = MenuView.swift; sourceTree = "<group>"; };
		274BAEEA25EFA4CE00EF0A81 /* UserPositionView.swift */ = {isa = PBXFileReference; lastKnownFileType = sourcecode.swift; path = UserPositionView.swift; sourceTree = "<group>"; };
		2762A5DA25C0510F00A5C095 /* SellStep2.swift */ = {isa = PBXFileReference; lastKnownFileType = sourcecode.swift; path = SellStep2.swift; sourceTree = "<group>"; };
		2762A5DC25C0660A00A5C095 /* SellStep1.swift */ = {isa = PBXFileReference; lastKnownFileType = sourcecode.swift; path = SellStep1.swift; sourceTree = "<group>"; };
		2762A5E625C2C4E300A5C095 /* SellCategoriesView.swift */ = {isa = PBXFileReference; lastKnownFileType = sourcecode.swift; path = SellCategoriesView.swift; sourceTree = "<group>"; };
		2762A5E825C2CD9100A5C095 /* SellSubCategoryView.swift */ = {isa = PBXFileReference; lastKnownFileType = sourcecode.swift; path = SellSubCategoryView.swift; sourceTree = "<group>"; };
		276BE7AD2559B1400000889A /* FirstScreenView.swift */ = {isa = PBXFileReference; lastKnownFileType = sourcecode.swift; path = FirstScreenView.swift; sourceTree = "<group>"; };
		276BE7B02559B87F0000889A /* RegisterView.swift */ = {isa = PBXFileReference; lastKnownFileType = sourcecode.swift; path = RegisterView.swift; sourceTree = "<group>"; };
		278289652575568200762B25 /* FbLogin.swift */ = {isa = PBXFileReference; lastKnownFileType = sourcecode.swift; path = FbLogin.swift; sourceTree = "<group>"; };
		278FCF2225A3626900604006 /* TutoCircles.swift */ = {isa = PBXFileReference; lastKnownFileType = sourcecode.swift; path = TutoCircles.swift; sourceTree = "<group>"; };
		27915B8E25C566AC00CD4BE5 /* CameraAndGallery.swift */ = {isa = PBXFileReference; lastKnownFileType = sourcecode.swift; path = CameraAndGallery.swift; sourceTree = "<group>"; };
		279F5861256681D8000577DA /* CategorySelectionView.swift */ = {isa = PBXFileReference; lastKnownFileType = sourcecode.swift; path = CategorySelectionView.swift; sourceTree = "<group>"; };
		27B32ADF2591129100DE368B /* InstagramApi.swift */ = {isa = PBXFileReference; fileEncoding = 4; lastKnownFileType = sourcecode.swift; path = InstagramApi.swift; sourceTree = "<group>"; };
		27B32AE02591129100DE368B /* WebView.swift */ = {isa = PBXFileReference; fileEncoding = 4; lastKnownFileType = sourcecode.swift; path = WebView.swift; sourceTree = "<group>"; };
		27B32AE12591129100DE368B /* InstagramTestUser.swift */ = {isa = PBXFileReference; fileEncoding = 4; lastKnownFileType = sourcecode.swift; path = InstagramTestUser.swift; sourceTree = "<group>"; };
		27B32AE5259112B500DE368B /* InstaUIView.swift */ = {isa = PBXFileReference; lastKnownFileType = sourcecode.swift; path = InstaUIView.swift; sourceTree = "<group>"; };
		27B32AEC259231C900DE368B /* CircleViewConfig.swift */ = {isa = PBXFileReference; lastKnownFileType = sourcecode.swift; path = CircleViewConfig.swift; sourceTree = "<group>"; };
		27B82BF725602CBA001F0760 /* ConnectionView.swift */ = {isa = PBXFileReference; lastKnownFileType = sourcecode.swift; path = ConnectionView.swift; sourceTree = "<group>"; };
		27B82BFA25603C20001F0760 /* TabView.swift */ = {isa = PBXFileReference; lastKnownFileType = sourcecode.swift; path = TabView.swift; sourceTree = "<group>"; };
		27B8E4FC25F50EEB009F113C /* CircleObject.swift */ = {isa = PBXFileReference; lastKnownFileType = sourcecode.swift; path = CircleObject.swift; sourceTree = "<group>"; };
		27CF2DDA25C88713003AF038 /* SellStep3.swift */ = {isa = PBXFileReference; lastKnownFileType = sourcecode.swift; path = SellStep3.swift; sourceTree = "<group>"; };
		27CF2DDC25C965B9003AF038 /* SellStep4.swift */ = {isa = PBXFileReference; lastKnownFileType = sourcecode.swift; path = SellStep4.swift; sourceTree = "<group>"; };
		27CF2DDE25C96EC1003AF038 /* MapView.swift */ = {isa = PBXFileReference; lastKnownFileType = sourcecode.swift; path = MapView.swift; sourceTree = "<group>"; };
		27F6E77C256690C500B3B862 /* CategoryItemView.swift */ = {isa = PBXFileReference; lastKnownFileType = sourcecode.swift; path = CategoryItemView.swift; sourceTree = "<group>"; };
		27F85A0E25EEAACB005025B7 /* UserLocationView.swift */ = {isa = PBXFileReference; lastKnownFileType = sourcecode.swift; path = UserLocationView.swift; sourceTree = "<group>"; };
		27F85A1025EEABCF005025B7 /* RegionView.swift */ = {isa = PBXFileReference; lastKnownFileType = sourcecode.swift; path = RegionView.swift; sourceTree = "<group>"; };
		27F85A1225EEAC74005025B7 /* DepartmentView.swift */ = {isa = PBXFileReference; lastKnownFileType = sourcecode.swift; path = DepartmentView.swift; sourceTree = "<group>"; };
		27F85A1525EEB084005025B7 /* CityView.swift */ = {isa = PBXFileReference; lastKnownFileType = sourcecode.swift; path = CityView.swift; sourceTree = "<group>"; };
		27FB9420D724E2022C5ED08B /* Pods-CircleProject.release.xcconfig */ = {isa = PBXFileReference; includeInIndex = 1; lastKnownFileType = text.xcconfig; name = "Pods-CircleProject.release.xcconfig"; path = "Target Support Files/Pods-CircleProject/Pods-CircleProject.release.xcconfig"; sourceTree = "<group>"; };
		B427701B51A473A2D8BF0F53 /* Pods-CircleProject.debug.xcconfig */ = {isa = PBXFileReference; includeInIndex = 1; lastKnownFileType = text.xcconfig; name = "Pods-CircleProject.debug.xcconfig"; path = "Target Support Files/Pods-CircleProject/Pods-CircleProject.debug.xcconfig"; sourceTree = "<group>"; };
		F704F6F07DD0F03E6DE2404C /* Pods_CircleProject.framework */ = {isa = PBXFileReference; explicitFileType = wrapper.framework; includeInIndex = 0; path = Pods_CircleProject.framework; sourceTree = BUILT_PRODUCTS_DIR; };
/* End PBXFileReference section */

/* Begin PBXFrameworksBuildPhase section */
		2726CECE255874CA003564C4 /* Frameworks */ = {
			isa = PBXFrameworksBuildPhase;
			buildActionMask = 2147483647;
			files = (
				2718CFE42577C54D008F8D3A /* Pods_CircleProject.framework in Frameworks */,
				278289642575561000762B25 /* FacebookLogin in Frameworks */,
			);
			runOnlyForDeploymentPostprocessing = 0;
		};
/* End PBXFrameworksBuildPhase section */

/* Begin PBXGroup section */
		270B240425D7F06B000B9DCA /* Map */ = {
			isa = PBXGroup;
			children = (
				27CF2DDE25C96EC1003AF038 /* MapView.swift */,
				270B240525D7F08E000B9DCA /* MapViewModel.swift */,
				270B240725D82B98000B9DCA /* LocationView.swift */,
			);
			path = Map;
			sourceTree = "<group>";
		};
		2718CFC62577A4B9008F8D3A /* Social media login */ = {
			isa = PBXGroup;
			children = (
				27B32ADE2591125400DE368B /* Instagram */,
				278289652575568200762B25 /* FbLogin.swift */,
				2718CFC72577A4DC008F8D3A /* GoogleLogin.swift */,
			);
			path = "Social media login";
			sourceTree = "<group>";
		};
		2726CEC8255874CA003564C4 = {
			isa = PBXGroup;
			children = (
				2718CFD42577AF54008F8D3A /* GoogleService-Info.plist */,
				2726CED3255874CA003564C4 /* CircleProject */,
				2726CED2255874CA003564C4 /* Products */,
				BDE4F712F69823B232D2471E /* Pods */,
				30FBCF7A11E776F9E074D23A /* Frameworks */,
			);
			sourceTree = "<group>";
		};
		2726CED2255874CA003564C4 /* Products */ = {
			isa = PBXGroup;
			children = (
				2726CED1255874CA003564C4 /* CircleProject.app */,
			);
			name = Products;
			sourceTree = "<group>";
		};
		2726CED3255874CA003564C4 /* CircleProject */ = {
			isa = PBXGroup;
			children = (
				2726CED4255874CA003564C4 /* CircleProjectApp.swift */,
				27F6E7A1256AB02600B3B862 /* Models */,
				27F6E7A2256AB03300B3B862 /* Views */,
				2726CED6255874CA003564C4 /* ContentView.swift */,
				2726CED8255874CE003564C4 /* Assets.xcassets */,
				2726CEDD255874CE003564C4 /* Info.plist */,
				2726CEDA255874CE003564C4 /* Preview Content */,
			);
			path = CircleProject;
			sourceTree = "<group>";
		};
		2726CEDA255874CE003564C4 /* Preview Content */ = {
			isa = PBXGroup;
			children = (
				2726CEDB255874CE003564C4 /* Preview Assets.xcassets */,
			);
			path = "Preview Content";
			sourceTree = "<group>";
		};
		27B32ADE2591125400DE368B /* Instagram */ = {
			isa = PBXGroup;
			children = (
				27B32ADF2591129100DE368B /* InstagramApi.swift */,
				27B32AE12591129100DE368B /* InstagramTestUser.swift */,
				27B32AE02591129100DE368B /* WebView.swift */,
				27B32AE5259112B500DE368B /* InstaUIView.swift */,
			);
			path = Instagram;
			sourceTree = "<group>";
		};
		27CE1EB1258E199600F63BF7 /* Intro */ = {
			isa = PBXGroup;
			children = (
				27F85A1425EEB067005025B7 /* UserLocation */,
				276BE7B02559B87F0000889A /* RegisterView.swift */,
				279F5861256681D8000577DA /* CategorySelectionView.swift */,
				27F6E77C256690C500B3B862 /* CategoryItemView.swift */,
				27B32AEC259231C900DE368B /* CircleViewConfig.swift */,
				278FCF2225A3626900604006 /* TutoCircles.swift */,
				270A176E25A60973006AE36A /* CircleFamilyView.swift */,
				270A177025A609ED006AE36A /* CircleFriendsView.swift */,
				270A177225A60A1A006AE36A /* CircleProView.swift */,
			);
			path = Intro;
			sourceTree = "<group>";
		};
		27D9C997256BC7870046BA78 /* Shared */ = {
			isa = PBXGroup;
			children = (
				2726CEFC25588005003564C4 /* CardItemView.swift */,
				27B82BFA25603C20001F0760 /* TabView.swift */,
			);
			path = Shared;
			sourceTree = "<group>";
		};
		27F6E7A1256AB02600B3B862 /* Models */ = {
			isa = PBXGroup;
			children = (
				2726CEF825587E52003564C4 /* DataStore.swift */,
				271255BA257E32930075040C /* ApiCalls.swift */,
				27B8E4FC25F50EEB009F113C /* CircleObject.swift */,
			);
			path = Models;
			sourceTree = "<group>";
		};
		27F6E7A2256AB03300B3B862 /* Views */ = {
			isa = PBXGroup;
			children = (
				27CE1EB1258E199600F63BF7 /* Intro */,
				27F6E7A9256AB35800B3B862 /* Login */,
				27F6E7A4256AB0B800B3B862 /* Home */,
				27F6E7A7256AB0E700B3B862 /* Search */,
				27F6E7A8256AB0F300B3B862 /* Sell */,
				27F6E7A5256AB0C800B3B862 /* Messages */,
				27F6E7A6256AB0D200B3B862 /* Circle */,
				27D9C997256BC7870046BA78 /* Shared */,
			);
			path = Views;
			sourceTree = "<group>";
		};
		27F6E7A4256AB0B800B3B862 /* Home */ = {
			isa = PBXGroup;
			children = (
				2726CEE425587543003564C4 /* HomeView.swift */,
				2747E93225653EC800FD1537 /* MenuView.swift */,
			);
			path = Home;
			sourceTree = "<group>";
		};
		27F6E7A5256AB0C800B3B862 /* Messages */ = {
			isa = PBXGroup;
			children = (
				2726CEEF25587628003564C4 /* MessagesView.swift */,
			);
			path = Messages;
			sourceTree = "<group>";
		};
		27F6E7A6256AB0D200B3B862 /* Circle */ = {
			isa = PBXGroup;
			children = (
				2726CEF22558766B003564C4 /* CircleView.swift */,
			);
			path = Circle;
			sourceTree = "<group>";
		};
		27F6E7A7256AB0E700B3B862 /* Search */ = {
			isa = PBXGroup;
			children = (
				2726CEE72558755D003564C4 /* SearchView.swift */,
			);
			path = Search;
			sourceTree = "<group>";
		};
		27F6E7A8256AB0F300B3B862 /* Sell */ = {
			isa = PBXGroup;
			children = (
				270B240425D7F06B000B9DCA /* Map */,
				2726CEEB255875B4003564C4 /* CreateDealView.swift */,
				2762A5E625C2C4E300A5C095 /* SellCategoriesView.swift */,
				2762A5E825C2CD9100A5C095 /* SellSubCategoryView.swift */,
				2762A5DC25C0660A00A5C095 /* SellStep1.swift */,
				2762A5DA25C0510F00A5C095 /* SellStep2.swift */,
				27CF2DDA25C88713003AF038 /* SellStep3.swift */,
				27CF2DDC25C965B9003AF038 /* SellStep4.swift */,
				27915B8E25C566AC00CD4BE5 /* CameraAndGallery.swift */,
			);
			path = Sell;
			sourceTree = "<group>";
		};
		27F6E7A9256AB35800B3B862 /* Login */ = {
			isa = PBXGroup;
			children = (
				2718CFC62577A4B9008F8D3A /* Social media login */,
				276BE7AD2559B1400000889A /* FirstScreenView.swift */,
				27B82BF725602CBA001F0760 /* ConnectionView.swift */,
			);
			path = Login;
			sourceTree = "<group>";
		};
		27F85A1425EEB067005025B7 /* UserLocation */ = {
			isa = PBXGroup;
			children = (
				27F85A0E25EEAACB005025B7 /* UserLocationView.swift */,
				27F85A1225EEAC74005025B7 /* DepartmentView.swift */,
				27F85A1025EEABCF005025B7 /* RegionView.swift */,
				27F85A1525EEB084005025B7 /* CityView.swift */,
				274BAEEA25EFA4CE00EF0A81 /* UserPositionView.swift */,
			);
			path = UserLocation;
			sourceTree = "<group>";
		};
		30FBCF7A11E776F9E074D23A /* Frameworks */ = {
			isa = PBXGroup;
			children = (
				F704F6F07DD0F03E6DE2404C /* Pods_CircleProject.framework */,
			);
			name = Frameworks;
			sourceTree = "<group>";
		};
		BDE4F712F69823B232D2471E /* Pods */ = {
			isa = PBXGroup;
			children = (
				B427701B51A473A2D8BF0F53 /* Pods-CircleProject.debug.xcconfig */,
				27FB9420D724E2022C5ED08B /* Pods-CircleProject.release.xcconfig */,
			);
			path = Pods;
			sourceTree = "<group>";
		};
/* End PBXGroup section */

/* Begin PBXNativeTarget section */
		2726CED0255874CA003564C4 /* CircleProject */ = {
			isa = PBXNativeTarget;
			buildConfigurationList = 2726CEE0255874CE003564C4 /* Build configuration list for PBXNativeTarget "CircleProject" */;
			buildPhases = (
				CFB2FA4D7C76E7F134FE4CA5 /* [CP] Check Pods Manifest.lock */,
				2726CECD255874CA003564C4 /* Sources */,
				2726CECE255874CA003564C4 /* Frameworks */,
				2726CECF255874CA003564C4 /* Resources */,
				60EE6B7EBC9BAAFCD9BBC796 /* [CP] Embed Pods Frameworks */,
				F7C0DBF9512353C4A014AE65 /* [CP] Copy Pods Resources */,
				2718CFE62577C54D008F8D3A /* Embed Frameworks */,
			);
			buildRules = (
			);
			dependencies = (
			);
			name = CircleProject;
			packageProductDependencies = (
				278289632575561000762B25 /* FacebookLogin */,
			);
			productName = CircleProject;
			productReference = 2726CED1255874CA003564C4 /* CircleProject.app */;
			productType = "com.apple.product-type.application";
		};
/* End PBXNativeTarget section */

/* Begin PBXProject section */
		2726CEC9255874CA003564C4 /* Project object */ = {
			isa = PBXProject;
			attributes = {
				LastSwiftUpdateCheck = 1200;
				LastUpgradeCheck = 1200;
				TargetAttributes = {
					2726CED0255874CA003564C4 = {
						CreatedOnToolsVersion = 12.0.1;
					};
				};
			};
			buildConfigurationList = 2726CECC255874CA003564C4 /* Build configuration list for PBXProject "CircleProject" */;
			compatibilityVersion = "Xcode 9.3";
			developmentRegion = en;
			hasScannedForEncodings = 0;
			knownRegions = (
				en,
				Base,
			);
			mainGroup = 2726CEC8255874CA003564C4;
			packageReferences = (
				278289622575561000762B25 /* XCRemoteSwiftPackageReference "facebook-ios-sdk" */,
			);
			productRefGroup = 2726CED2255874CA003564C4 /* Products */;
			projectDirPath = "";
			projectRoot = "";
			targets = (
				2726CED0255874CA003564C4 /* CircleProject */,
			);
		};
/* End PBXProject section */

/* Begin PBXResourcesBuildPhase section */
		2726CECF255874CA003564C4 /* Resources */ = {
			isa = PBXResourcesBuildPhase;
			buildActionMask = 2147483647;
			files = (
				2726CEDC255874CE003564C4 /* Preview Assets.xcassets in Resources */,
				2726CED9255874CE003564C4 /* Assets.xcassets in Resources */,
				2718CFD52577AF54008F8D3A /* GoogleService-Info.plist in Resources */,
			);
			runOnlyForDeploymentPostprocessing = 0;
		};
/* End PBXResourcesBuildPhase section */

/* Begin PBXShellScriptBuildPhase section */
		60EE6B7EBC9BAAFCD9BBC796 /* [CP] Embed Pods Frameworks */ = {
			isa = PBXShellScriptBuildPhase;
			buildActionMask = 2147483647;
			files = (
			);
			inputFileListPaths = (
				"${PODS_ROOT}/Target Support Files/Pods-CircleProject/Pods-CircleProject-frameworks-${CONFIGURATION}-input-files.xcfilelist",
			);
			name = "[CP] Embed Pods Frameworks";
			outputFileListPaths = (
				"${PODS_ROOT}/Target Support Files/Pods-CircleProject/Pods-CircleProject-frameworks-${CONFIGURATION}-output-files.xcfilelist",
			);
			runOnlyForDeploymentPostprocessing = 0;
			shellPath = /bin/sh;
			shellScript = "\"${PODS_ROOT}/Target Support Files/Pods-CircleProject/Pods-CircleProject-frameworks.sh\"\n";
			showEnvVarsInLog = 0;
		};
		CFB2FA4D7C76E7F134FE4CA5 /* [CP] Check Pods Manifest.lock */ = {
			isa = PBXShellScriptBuildPhase;
			buildActionMask = 2147483647;
			files = (
			);
			inputFileListPaths = (
			);
			inputPaths = (
				"${PODS_PODFILE_DIR_PATH}/Podfile.lock",
				"${PODS_ROOT}/Manifest.lock",
			);
			name = "[CP] Check Pods Manifest.lock";
			outputFileListPaths = (
			);
			outputPaths = (
				"$(DERIVED_FILE_DIR)/Pods-CircleProject-checkManifestLockResult.txt",
			);
			runOnlyForDeploymentPostprocessing = 0;
			shellPath = /bin/sh;
			shellScript = "diff \"${PODS_PODFILE_DIR_PATH}/Podfile.lock\" \"${PODS_ROOT}/Manifest.lock\" > /dev/null\nif [ $? != 0 ] ; then\n    # print error to STDERR\n    echo \"error: The sandbox is not in sync with the Podfile.lock. Run 'pod install' or update your CocoaPods installation.\" >&2\n    exit 1\nfi\n# This output is used by Xcode 'outputs' to avoid re-running this script phase.\necho \"SUCCESS\" > \"${SCRIPT_OUTPUT_FILE_0}\"\n";
			showEnvVarsInLog = 0;
		};
		F7C0DBF9512353C4A014AE65 /* [CP] Copy Pods Resources */ = {
			isa = PBXShellScriptBuildPhase;
			buildActionMask = 2147483647;
			files = (
			);
			inputFileListPaths = (
				"${PODS_ROOT}/Target Support Files/Pods-CircleProject/Pods-CircleProject-resources-${CONFIGURATION}-input-files.xcfilelist",
			);
			name = "[CP] Copy Pods Resources";
			outputFileListPaths = (
				"${PODS_ROOT}/Target Support Files/Pods-CircleProject/Pods-CircleProject-resources-${CONFIGURATION}-output-files.xcfilelist",
			);
			runOnlyForDeploymentPostprocessing = 0;
			shellPath = /bin/sh;
			shellScript = "\"${PODS_ROOT}/Target Support Files/Pods-CircleProject/Pods-CircleProject-resources.sh\"\n";
			showEnvVarsInLog = 0;
		};
/* End PBXShellScriptBuildPhase section */

/* Begin PBXSourcesBuildPhase section */
		2726CECD255874CA003564C4 /* Sources */ = {
			isa = PBXSourcesBuildPhase;
			buildActionMask = 2147483647;
			files = (
				270A177325A60A1A006AE36A /* CircleProView.swift in Sources */,
				276BE7B12559B87F0000889A /* RegisterView.swift in Sources */,
				27F85A1125EEABCF005025B7 /* RegionView.swift in Sources */,
				2726CEE82558755D003564C4 /* SearchView.swift in Sources */,
				2762A5DD25C0660A00A5C095 /* SellStep1.swift in Sources */,
				27B82BFB25603C20001F0760 /* TabView.swift in Sources */,
				270A176F25A60973006AE36A /* CircleFamilyView.swift in Sources */,
				2726CEF925587E52003564C4 /* DataStore.swift in Sources */,
				27B32AE6259112B500DE368B /* InstaUIView.swift in Sources */,
				2762A5E925C2CD9100A5C095 /* SellSubCategoryView.swift in Sources */,
				27CF2DDD25C965B9003AF038 /* SellStep4.swift in Sources */,
				2726CEE525587543003564C4 /* HomeView.swift in Sources */,
				276BE7AE2559B1400000889A /* FirstScreenView.swift in Sources */,
				2762A5E725C2C4E300A5C095 /* SellCategoriesView.swift in Sources */,
				2726CEF025587628003564C4 /* MessagesView.swift in Sources */,
				2747E93325653EC800FD1537 /* MenuView.swift in Sources */,
				2718CFC82577A4DC008F8D3A /* GoogleLogin.swift in Sources */,
				27CF2DDB25C88713003AF038 /* SellStep3.swift in Sources */,
				270B240825D82B98000B9DCA /* LocationView.swift in Sources */,
				27F85A1625EEB084005025B7 /* CityView.swift in Sources */,
				279F5862256681D8000577DA /* CategorySelectionView.swift in Sources */,
				27B32AED259231C900DE368B /* CircleViewConfig.swift in Sources */,
				27B8E4FD25F50EEB009F113C /* CircleObject.swift in Sources */,
				270B240625D7F08E000B9DCA /* MapViewModel.swift in Sources */,
				270A177125A609ED006AE36A /* CircleFriendsView.swift in Sources */,
				27F85A0F25EEAACB005025B7 /* UserLocationView.swift in Sources */,
				2762A5DB25C0510F00A5C095 /* SellStep2.swift in Sources */,
				27B32AE22591129100DE368B /* InstagramApi.swift in Sources */,
				27F6E77D256690C500B3B862 /* CategoryItemView.swift in Sources */,
				2726CED7255874CA003564C4 /* ContentView.swift in Sources */,
				274BAEEB25EFA4CE00EF0A81 /* UserPositionView.swift in Sources */,
				27915B8F25C566AC00CD4BE5 /* CameraAndGallery.swift in Sources */,
				27CF2DDF25C96EC1003AF038 /* MapView.swift in Sources */,
				27F85A1325EEAC74005025B7 /* DepartmentView.swift in Sources */,
				27B32AE42591129100DE368B /* InstagramTestUser.swift in Sources */,
				2726CEFD25588005003564C4 /* CardItemView.swift in Sources */,
				2726CEEC255875B4003564C4 /* CreateDealView.swift in Sources */,
				278289662575568200762B25 /* FbLogin.swift in Sources */,
				2726CEF32558766B003564C4 /* CircleView.swift in Sources */,
				271255BB257E32930075040C /* ApiCalls.swift in Sources */,
				27B82BF825602CBA001F0760 /* ConnectionView.swift in Sources */,
				2726CED5255874CA003564C4 /* CircleProjectApp.swift in Sources */,
				278FCF2325A3626900604006 /* TutoCircles.swift in Sources */,
				27B32AE32591129100DE368B /* WebView.swift in Sources */,
			);
			runOnlyForDeploymentPostprocessing = 0;
		};
/* End PBXSourcesBuildPhase section */

/* Begin XCBuildConfiguration section */
		2726CEDE255874CE003564C4 /* Debug */ = {
			isa = XCBuildConfiguration;
			buildSettings = {
				ALWAYS_SEARCH_USER_PATHS = NO;
				CLANG_ANALYZER_NONNULL = YES;
				CLANG_ANALYZER_NUMBER_OBJECT_CONVERSION = YES_AGGRESSIVE;
				CLANG_CXX_LANGUAGE_STANDARD = "gnu++14";
				CLANG_CXX_LIBRARY = "libc++";
				CLANG_ENABLE_MODULES = YES;
				CLANG_ENABLE_OBJC_ARC = YES;
				CLANG_ENABLE_OBJC_WEAK = YES;
				CLANG_WARN_BLOCK_CAPTURE_AUTORELEASING = YES;
				CLANG_WARN_BOOL_CONVERSION = YES;
				CLANG_WARN_COMMA = YES;
				CLANG_WARN_CONSTANT_CONVERSION = YES;
				CLANG_WARN_DEPRECATED_OBJC_IMPLEMENTATIONS = YES;
				CLANG_WARN_DIRECT_OBJC_ISA_USAGE = YES_ERROR;
				CLANG_WARN_DOCUMENTATION_COMMENTS = YES;
				CLANG_WARN_EMPTY_BODY = YES;
				CLANG_WARN_ENUM_CONVERSION = YES;
				CLANG_WARN_INFINITE_RECURSION = YES;
				CLANG_WARN_INT_CONVERSION = YES;
				CLANG_WARN_NON_LITERAL_NULL_CONVERSION = YES;
				CLANG_WARN_OBJC_IMPLICIT_RETAIN_SELF = YES;
				CLANG_WARN_OBJC_LITERAL_CONVERSION = YES;
				CLANG_WARN_OBJC_ROOT_CLASS = YES_ERROR;
				CLANG_WARN_QUOTED_INCLUDE_IN_FRAMEWORK_HEADER = YES;
				CLANG_WARN_RANGE_LOOP_ANALYSIS = YES;
				CLANG_WARN_STRICT_PROTOTYPES = YES;
				CLANG_WARN_SUSPICIOUS_MOVE = YES;
				CLANG_WARN_UNGUARDED_AVAILABILITY = YES_AGGRESSIVE;
				CLANG_WARN_UNREACHABLE_CODE = YES;
				CLANG_WARN__DUPLICATE_METHOD_MATCH = YES;
				COPY_PHASE_STRIP = NO;
				DEBUG_INFORMATION_FORMAT = dwarf;
				ENABLE_STRICT_OBJC_MSGSEND = YES;
				ENABLE_TESTABILITY = YES;
				GCC_C_LANGUAGE_STANDARD = gnu11;
				GCC_DYNAMIC_NO_PIC = NO;
				GCC_NO_COMMON_BLOCKS = YES;
				GCC_OPTIMIZATION_LEVEL = 0;
				GCC_PREPROCESSOR_DEFINITIONS = (
					"DEBUG=1",
					"$(inherited)",
				);
				GCC_WARN_64_TO_32_BIT_CONVERSION = YES;
				GCC_WARN_ABOUT_RETURN_TYPE = YES_ERROR;
				GCC_WARN_UNDECLARED_SELECTOR = YES;
				GCC_WARN_UNINITIALIZED_AUTOS = YES_AGGRESSIVE;
				GCC_WARN_UNUSED_FUNCTION = YES;
				GCC_WARN_UNUSED_VARIABLE = YES;
				IPHONEOS_DEPLOYMENT_TARGET = 14.0;
				MTL_ENABLE_DEBUG_INFO = INCLUDE_SOURCE;
				MTL_FAST_MATH = YES;
				ONLY_ACTIVE_ARCH = YES;
				SDKROOT = iphoneos;
				SWIFT_ACTIVE_COMPILATION_CONDITIONS = DEBUG;
				SWIFT_OPTIMIZATION_LEVEL = "-Onone";
			};
			name = Debug;
		};
		2726CEDF255874CE003564C4 /* Release */ = {
			isa = XCBuildConfiguration;
			buildSettings = {
				ALWAYS_SEARCH_USER_PATHS = NO;
				CLANG_ANALYZER_NONNULL = YES;
				CLANG_ANALYZER_NUMBER_OBJECT_CONVERSION = YES_AGGRESSIVE;
				CLANG_CXX_LANGUAGE_STANDARD = "gnu++14";
				CLANG_CXX_LIBRARY = "libc++";
				CLANG_ENABLE_MODULES = YES;
				CLANG_ENABLE_OBJC_ARC = YES;
				CLANG_ENABLE_OBJC_WEAK = YES;
				CLANG_WARN_BLOCK_CAPTURE_AUTORELEASING = YES;
				CLANG_WARN_BOOL_CONVERSION = YES;
				CLANG_WARN_COMMA = YES;
				CLANG_WARN_CONSTANT_CONVERSION = YES;
				CLANG_WARN_DEPRECATED_OBJC_IMPLEMENTATIONS = YES;
				CLANG_WARN_DIRECT_OBJC_ISA_USAGE = YES_ERROR;
				CLANG_WARN_DOCUMENTATION_COMMENTS = YES;
				CLANG_WARN_EMPTY_BODY = YES;
				CLANG_WARN_ENUM_CONVERSION = YES;
				CLANG_WARN_INFINITE_RECURSION = YES;
				CLANG_WARN_INT_CONVERSION = YES;
				CLANG_WARN_NON_LITERAL_NULL_CONVERSION = YES;
				CLANG_WARN_OBJC_IMPLICIT_RETAIN_SELF = YES;
				CLANG_WARN_OBJC_LITERAL_CONVERSION = YES;
				CLANG_WARN_OBJC_ROOT_CLASS = YES_ERROR;
				CLANG_WARN_QUOTED_INCLUDE_IN_FRAMEWORK_HEADER = YES;
				CLANG_WARN_RANGE_LOOP_ANALYSIS = YES;
				CLANG_WARN_STRICT_PROTOTYPES = YES;
				CLANG_WARN_SUSPICIOUS_MOVE = YES;
				CLANG_WARN_UNGUARDED_AVAILABILITY = YES_AGGRESSIVE;
				CLANG_WARN_UNREACHABLE_CODE = YES;
				CLANG_WARN__DUPLICATE_METHOD_MATCH = YES;
				COPY_PHASE_STRIP = NO;
				DEBUG_INFORMATION_FORMAT = "dwarf-with-dsym";
				ENABLE_NS_ASSERTIONS = NO;
				ENABLE_STRICT_OBJC_MSGSEND = YES;
				GCC_C_LANGUAGE_STANDARD = gnu11;
				GCC_NO_COMMON_BLOCKS = YES;
				GCC_WARN_64_TO_32_BIT_CONVERSION = YES;
				GCC_WARN_ABOUT_RETURN_TYPE = YES_ERROR;
				GCC_WARN_UNDECLARED_SELECTOR = YES;
				GCC_WARN_UNINITIALIZED_AUTOS = YES_AGGRESSIVE;
				GCC_WARN_UNUSED_FUNCTION = YES;
				GCC_WARN_UNUSED_VARIABLE = YES;
				IPHONEOS_DEPLOYMENT_TARGET = 14.0;
				MTL_ENABLE_DEBUG_INFO = NO;
				MTL_FAST_MATH = YES;
				SDKROOT = iphoneos;
				SWIFT_COMPILATION_MODE = wholemodule;
				SWIFT_OPTIMIZATION_LEVEL = "-O";
				VALIDATE_PRODUCT = YES;
			};
			name = Release;
		};
		2726CEE1255874CE003564C4 /* Debug */ = {
			isa = XCBuildConfiguration;
			baseConfigurationReference = B427701B51A473A2D8BF0F53 /* Pods-CircleProject.debug.xcconfig */;
			buildSettings = {
				ASSETCATALOG_COMPILER_APPICON_NAME = AppIcon;
				ASSETCATALOG_COMPILER_GLOBAL_ACCENT_COLOR_NAME = AccentColor;
				CODE_SIGN_STYLE = Automatic;
				DEVELOPMENT_ASSET_PATHS = "\"CircleProject/Preview Content\"";
				DEVELOPMENT_TEAM = DCC9PCRQ3P;
				ENABLE_PREVIEWS = YES;
				INFOPLIST_FILE = CircleProject/Info.plist;
				IPHONEOS_DEPLOYMENT_TARGET = 14.0;
				LD_RUNPATH_SEARCH_PATHS = (
					"$(inherited)",
					"@executable_path/Frameworks",
				);
				PRODUCT_BUNDLE_IDENTIFIER = fr.awesome.ios.CircleProject;
				PRODUCT_NAME = "$(TARGET_NAME)";
				SWIFT_VERSION = 5.0;
				TARGETED_DEVICE_FAMILY = "1,2";
			};
			name = Debug;
		};
		2726CEE2255874CE003564C4 /* Release */ = {
			isa = XCBuildConfiguration;
			baseConfigurationReference = 27FB9420D724E2022C5ED08B /* Pods-CircleProject.release.xcconfig */;
			buildSettings = {
				ASSETCATALOG_COMPILER_APPICON_NAME = AppIcon;
				ASSETCATALOG_COMPILER_GLOBAL_ACCENT_COLOR_NAME = AccentColor;
				CODE_SIGN_STYLE = Automatic;
				DEVELOPMENT_ASSET_PATHS = "\"CircleProject/Preview Content\"";
				DEVELOPMENT_TEAM = DCC9PCRQ3P;
				ENABLE_PREVIEWS = YES;
				INFOPLIST_FILE = CircleProject/Info.plist;
				IPHONEOS_DEPLOYMENT_TARGET = 14.0;
				LD_RUNPATH_SEARCH_PATHS = (
					"$(inherited)",
					"@executable_path/Frameworks",
				);
				PRODUCT_BUNDLE_IDENTIFIER = fr.awesome.ios.CircleProject;
				PRODUCT_NAME = "$(TARGET_NAME)";
				SWIFT_VERSION = 5.0;
				TARGETED_DEVICE_FAMILY = "1,2";
			};
			name = Release;
		};
/* End XCBuildConfiguration section */

/* Begin XCConfigurationList section */
		2726CECC255874CA003564C4 /* Build configuration list for PBXProject "CircleProject" */ = {
			isa = XCConfigurationList;
			buildConfigurations = (
				2726CEDE255874CE003564C4 /* Debug */,
				2726CEDF255874CE003564C4 /* Release */,
			);
			defaultConfigurationIsVisible = 0;
			defaultConfigurationName = Release;
		};
		2726CEE0255874CE003564C4 /* Build configuration list for PBXNativeTarget "CircleProject" */ = {
			isa = XCConfigurationList;
			buildConfigurations = (
				2726CEE1255874CE003564C4 /* Debug */,
				2726CEE2255874CE003564C4 /* Release */,
			);
			defaultConfigurationIsVisible = 0;
			defaultConfigurationName = Release;
		};
/* End XCConfigurationList section */

/* Begin XCRemoteSwiftPackageReference section */
		278289622575561000762B25 /* XCRemoteSwiftPackageReference "facebook-ios-sdk" */ = {
			isa = XCRemoteSwiftPackageReference;
			repositoryURL = "https://github.com/facebook/facebook-ios-sdk";
			requirement = {
				kind = upToNextMajorVersion;
				minimumVersion = 8.2.0;
			};
		};
/* End XCRemoteSwiftPackageReference section */

/* Begin XCSwiftPackageProductDependency section */
		278289632575561000762B25 /* FacebookLogin */ = {
			isa = XCSwiftPackageProductDependency;
			package = 278289622575561000762B25 /* XCRemoteSwiftPackageReference "facebook-ios-sdk" */;
			productName = FacebookLogin;
		};
/* End XCSwiftPackageProductDependency section */
	};
	rootObject = 2726CEC9255874CA003564C4 /* Project object */;
}
